
Microsoft Visual Studio Solution File, Format Version 12.00
Project("{FAE04EC0-301F-11D3-BF4B-00C04F79EFBC}") = "calculator-dotnet", "calculator-dotnet.csproj", "{98D2CC03-2EA4-4F8D-AAC1-292F25089DFE}"
EndProject
Global
	GlobalSection(SolutionConfigurationPlatforms) = preSolution
		Debug|Any CPU = Debug|Any CPU
		Release|Any CPU = Release|Any CPU
	EndGlobalSection
	GlobalSection(ProjectConfigurationPlatforms) = postSolution
		{98D2CC03-2EA4-4F8D-AAC1-292F25089DFE}.Debug|Any CPU.ActiveCfg = Debug|Any CPU
		{98D2CC03-2EA4-4F8D-AAC1-292F25089DFE}.Debug|Any CPU.Build.0 = Debug|Any CPU
		{98D2CC03-2EA4-4F8D-AAC1-292F25089DFE}.Release|Any CPU.ActiveCfg = Release|Any CPU
		{98D2CC03-2EA4-4F8D-AAC1-292F25089DFE}.Release|Any CPU.Build.0 = Release|Any CPU
	EndGlobalSection
EndGlobal
